
Microsoft Visual Studio Solution File, Format Version 12.00
# Visual Studio Version 17
VisualStudioVersion = 17.3.32804.467
MinimumVisualStudioVersion = 10.0.40219.1
Project("{9A19103F-16F7-4668-BE54-9A1E7A4F7556}") = "DAL", "DAL\DAL.csproj", "{5662B81B-4248-459D-AF74-3888EDB03037}"
EndProject
Project("{FAE04EC0-301F-11D3-BF4B-00C04F79EFBC}") = "API", "API\API.csproj", "{396CCF95-0CF2-4347-BD61-FD6ED2B33822}"
EndProject
Project("{2150E333-8FDC-42A3-9474-1A3956D46DE8}") = "SolutionItems", "SolutionItems", "{8C9C894D-27BD-4488-8DD0-E11DD9E24955}"
EndProject
Project("{FAE04EC0-301F-11D3-BF4B-00C04F79EFBC}") = "Entities", "Entities\Entities.csproj", "{1BD5215A-53C5-40E7-9F23-6D7A5C1B109C}"
EndProject
Project("{FAE04EC0-301F-11D3-BF4B-00C04F79EFBC}") = "Services", "Services\Services.csproj", "{5A52AC6C-9E27-440C-B47A-DC82DE851FD6}"
EndProject
Project("{FAE04EC0-301F-11D3-BF4B-00C04F79EFBC}") = "Repository", "Repository\Repository.csproj", "{AA11F319-BB9D-4F66-A104-347E65116FE7}"
EndProject
Global
	GlobalSection(SolutionConfigurationPlatforms) = preSolution
		Debug|Any CPU = Debug|Any CPU
		Release|Any CPU = Release|Any CPU
	EndGlobalSection
	GlobalSection(ProjectConfigurationPlatforms) = postSolution
		{5662B81B-4248-459D-AF74-3888EDB03037}.Debug|Any CPU.ActiveCfg = Debug|Any CPU
		{5662B81B-4248-459D-AF74-3888EDB03037}.Debug|Any CPU.Build.0 = Debug|Any CPU
		{5662B81B-4248-459D-AF74-3888EDB03037}.Release|Any CPU.ActiveCfg = Release|Any CPU
		{5662B81B-4248-459D-AF74-3888EDB03037}.Release|Any CPU.Build.0 = Release|Any CPU
		{396CCF95-0CF2-4347-BD61-FD6ED2B33822}.Debug|Any CPU.ActiveCfg = Debug|Any CPU
		{396CCF95-0CF2-4347-BD61-FD6ED2B33822}.Debug|Any CPU.Build.0 = Debug|Any CPU
		{396CCF95-0CF2-4347-BD61-FD6ED2B33822}.Release|Any CPU.ActiveCfg = Release|Any CPU
		{396CCF95-0CF2-4347-BD61-FD6ED2B33822}.Release|Any CPU.Build.0 = Release|Any CPU
		{1BD5215A-53C5-40E7-9F23-6D7A5C1B109C}.Debug|Any CPU.ActiveCfg = Debug|Any CPU
		{1BD5215A-53C5-40E7-9F23-6D7A5C1B109C}.Debug|Any CPU.Build.0 = Debug|Any CPU
		{1BD5215A-53C5-40E7-9F23-6D7A5C1B109C}.Release|Any CPU.ActiveCfg = Release|Any CPU
		{1BD5215A-53C5-40E7-9F23-6D7A5C1B109C}.Release|Any CPU.Build.0 = Release|Any CPU
		{5A52AC6C-9E27-440C-B47A-DC82DE851FD6}.Debug|Any CPU.ActiveCfg = Debug|Any CPU
		{5A52AC6C-9E27-440C-B47A-DC82DE851FD6}.Debug|Any CPU.Build.0 = Debug|Any CPU
		{5A52AC6C-9E27-440C-B47A-DC82DE851FD6}.Release|Any CPU.ActiveCfg = Release|Any CPU
		{5A52AC6C-9E27-440C-B47A-DC82DE851FD6}.Release|Any CPU.Build.0 = Release|Any CPU
		{AA11F319-BB9D-4F66-A104-347E65116FE7}.Debug|Any CPU.ActiveCfg = Debug|Any CPU
		{AA11F319-BB9D-4F66-A104-347E65116FE7}.Debug|Any CPU.Build.0 = Debug|Any CPU
		{AA11F319-BB9D-4F66-A104-347E65116FE7}.Release|Any CPU.ActiveCfg = Release|Any CPU
		{AA11F319-BB9D-4F66-A104-347E65116FE7}.Release|Any CPU.Build.0 = Release|Any CPU
	EndGlobalSection
	GlobalSection(SolutionProperties) = preSolution
		HideSolutionNode = FALSE
	EndGlobalSection
	GlobalSection(NestedProjects) = preSolution
		{5662B81B-4248-459D-AF74-3888EDB03037} = {8C9C894D-27BD-4488-8DD0-E11DD9E24955}
		{1BD5215A-53C5-40E7-9F23-6D7A5C1B109C} = {8C9C894D-27BD-4488-8DD0-E11DD9E24955}
		{5A52AC6C-9E27-440C-B47A-DC82DE851FD6} = {8C9C894D-27BD-4488-8DD0-E11DD9E24955}
		{AA11F319-BB9D-4F66-A104-347E65116FE7} = {8C9C894D-27BD-4488-8DD0-E11DD9E24955}
	EndGlobalSection
	GlobalSection(ExtensibilityGlobals) = postSolution
		SolutionGuid = {4835C806-216A-410A-81D7-736693B7C626}
	EndGlobalSection
EndGlobal
